// !$*UTF8*$!
{
	archiveVersion = 1;
	classes = {
	};
	objectVersion = 77;
	objects = {

/* Begin PBXContainerItemProxy section */
		144CF46B2DBCD7410042F48C /* PBXContainerItemProxy */ = {
			isa = PBXContainerItemProxy;
			containerPortal = 144CF4522DBCD7400042F48C /* Project object */;
			proxyType = 1;
			remoteGlobalIDString = 144CF4592DBCD7400042F48C;
			remoteInfo = "image-magic";
		};
		144CF4752DBCD7410042F48C /* PBXContainerItemProxy */ = {
			isa = PBXContainerItemProxy;
			containerPortal = 144CF4522DBCD7400042F48C /* Project object */;
			proxyType = 1;
			remoteGlobalIDString = 144CF4592DBCD7400042F48C;
			remoteInfo = "image-magic";
		};
/* End PBXContainerItemProxy section */

/* Begin PBXFileReference section */
		144CF45A2DBCD7400042F48C /* image-magic.app */ = {isa = PBXFileReference; explicitFileType = wrapper.application; includeInIndex = 0; path = "image-magic.app"; sourceTree = BUILT_PRODUCTS_DIR; };
		144CF46A2DBCD7410042F48C /* image-magicTests.xctest */ = {isa = PBXFileReference; explicitFileType = wrapper.cfbundle; includeInIndex = 0; path = "image-magicTests.xctest"; sourceTree = BUILT_PRODUCTS_DIR; };
		144CF4742DBCD7410042F48C /* image-magicUITests.xctest */ = {isa = PBXFileReference; explicitFileType = wrapper.cfbundle; includeInIndex = 0; path = "image-magicUITests.xctest"; sourceTree = BUILT_PRODUCTS_DIR; };
/* End PBXFileReference section */

/* Begin PBXFileSystemSynchronizedBuildFileExceptionSet section */
		144CF50C2DBD75350042F48C /* Exceptions for "image-magic" folder in "image-magic" target */ = {
			isa = PBXFileSystemSynchronizedBuildFileExceptionSet;
			membershipExceptions = (
				Info.plist,
				Resources/Configuration/Config.xcconfig,
			);
			target = 144CF4592DBCD7400042F48C /* image-magic */;
		};
/* End PBXFileSystemSynchronizedBuildFileExceptionSet section */

/* Begin PBXFileSystemSynchronizedRootGroup section */
		144CF45C2DBCD7400042F48C /* image-magic */ = {
			isa = PBXFileSystemSynchronizedRootGroup;
			exceptions = (
				144CF50C2DBD75350042F48C /* Exceptions for "image-magic" folder in "image-magic" target */,
			);
			path = "image-magic";
			sourceTree = "<group>";
		};
		144CF46D2DBCD7410042F48C /* image-magicTests */ = {
			isa = PBXFileSystemSynchronizedRootGroup;
			path = "image-magicTests";
			sourceTree = "<group>";
		};
		144CF4772DBCD7410042F48C /* image-magicUITests */ = {
			isa = PBXFileSystemSynchronizedRootGroup;
			path = "image-magicUITests";
			sourceTree = "<group>";
		};
/* End PBXFileSystemSynchronizedRootGroup section */

/* Begin PBXFrameworksBuildPhase section */
		144CF4572DBCD7400042F48C /* Frameworks */ = {
			isa = PBXFrameworksBuildPhase;
			buildActionMask = 2147483647;
			files = (
			);
			runOnlyForDeploymentPostprocessing = 0;
		};
		144CF4672DBCD7410042F48C /* Frameworks */ = {
			isa = PBXFrameworksBuildPhase;
			buildActionMask = 2147483647;
			files = (
			);
			runOnlyForDeploymentPostprocessing = 0;
		};
		144CF4712DBCD7410042F48C /* Frameworks */ = {
			isa = PBXFrameworksBuildPhase;
			buildActionMask = 2147483647;
			files = (
			);
			runOnlyForDeploymentPostprocessing = 0;
		};
/* End PBXFrameworksBuildPhase section */

/* Begin PBXGroup section */
		144CF4512DBCD7400042F48C = {
			isa = PBXGroup;
			children = (
				144CF45C2DBCD7400042F48C /* image-magic */,
				144CF46D2DBCD7410042F48C /* image-magicTests */,
				144CF4772DBCD7410042F48C /* image-magicUITests */,
				144CF45B2DBCD7400042F48C /* Products */,
			);
			sourceTree = "<group>";
		};
		144CF45B2DBCD7400042F48C /* Products */ = {
			isa = PBXGroup;
			children = (
				144CF45A2DBCD7400042F48C /* image-magic.app */,
				144CF46A2DBCD7410042F48C /* image-magicTests.xctest */,
				144CF4742DBCD7410042F48C /* image-magicUITests.xctest */,
			);
			name = Products;
			sourceTree = "<group>";
		};
/* End PBXGroup section */

/* Begin PBXNativeTarget section */
		144CF4592DBCD7400042F48C /* image-magic */ = {
			isa = PBXNativeTarget;
			buildConfigurationList = 144CF47E2DBCD7410042F48C /* Build configuration list for PBXNativeTarget "image-magic" */;
			buildPhases = (
				144CF4562DBCD7400042F48C /* Sources */,
				144CF4572DBCD7400042F48C /* Frameworks */,
				144CF4582DBCD7400042F48C /* Resources */,
			);
			buildRules = (
			);
			dependencies = (
			);
			fileSystemSynchronizedGroups = (
				144CF45C2DBCD7400042F48C /* image-magic */,
			);
			name = "image-magic";
			packageProductDependencies = (
			);
			productName = "image-magic";
			productReference = 144CF45A2DBCD7400042F48C /* image-magic.app */;
			productType = "com.apple.product-type.application";
		};
		144CF4692DBCD7410042F48C /* image-magicTests */ = {
			isa = PBXNativeTarget;
			buildConfigurationList = 144CF4812DBCD7410042F48C /* Build configuration list for PBXNativeTarget "image-magicTests" */;
			buildPhases = (
				144CF4662DBCD7410042F48C /* Sources */,
				144CF4672DBCD7410042F48C /* Frameworks */,
				144CF4682DBCD7410042F48C /* Resources */,
			);
			buildRules = (
			);
			dependencies = (
				144CF46C2DBCD7410042F48C /* PBXTargetDependency */,
			);
			fileSystemSynchronizedGroups = (
				144CF46D2DBCD7410042F48C /* image-magicTests */,
			);
			name = "image-magicTests";
			packageProductDependencies = (
			);
			productName = "image-magicTests";
			productReference = 144CF46A2DBCD7410042F48C /* image-magicTests.xctest */;
			productType = "com.apple.product-type.bundle.unit-test";
		};
		144CF4732DBCD7410042F48C /* image-magicUITests */ = {
			isa = PBXNativeTarget;
			buildConfigurationList = 144CF4842DBCD7410042F48C /* Build configuration list for PBXNativeTarget "image-magicUITests" */;
			buildPhases = (
				144CF4702DBCD7410042F48C /* Sources */,
				144CF4712DBCD7410042F48C /* Frameworks */,
				144CF4722DBCD7410042F48C /* Resources */,
			);
			buildRules = (
			);
			dependencies = (
				144CF4762DBCD7410042F48C /* PBXTargetDependency */,
			);
			fileSystemSynchronizedGroups = (
				144CF4772DBCD7410042F48C /* image-magicUITests */,
			);
			name = "image-magicUITests";
			packageProductDependencies = (
			);
			productName = "image-magicUITests";
			productReference = 144CF4742DBCD7410042F48C /* image-magicUITests.xctest */;
			productType = "com.apple.product-type.bundle.ui-testing";
		};
/* End PBXNativeTarget section */

/* Begin PBXProject section */
		144CF4522DBCD7400042F48C /* Project object */ = {
			isa = PBXProject;
			attributes = {
				BuildIndependentTargetsInParallel = 1;
				LastSwiftUpdateCheck = 1610;
				LastUpgradeCheck = 1610;
				TargetAttributes = {
					144CF4592DBCD7400042F48C = {
						CreatedOnToolsVersion = 16.1;
					};
					144CF4692DBCD7410042F48C = {
						CreatedOnToolsVersion = 16.1;
						TestTargetID = 144CF4592DBCD7400042F48C;
					};
					144CF4732DBCD7410042F48C = {
						CreatedOnToolsVersion = 16.1;
						TestTargetID = 144CF4592DBCD7400042F48C;
					};
				};
			};
			buildConfigurationList = 144CF4552DBCD7400042F48C /* Build configuration list for PBXProject "image-magic" */;
			developmentRegion = en;
			hasScannedForEncodings = 0;
			knownRegions = (
				en,
				Base,
			);
			mainGroup = 144CF4512DBCD7400042F48C;
			minimizedProjectReferenceProxies = 1;
			packageReferences = (
			);
			preferredProjectObjectVersion = 77;
			productRefGroup = 144CF45B2DBCD7400042F48C /* Products */;
			projectDirPath = "";
			projectRoot = "";
			targets = (
				144CF4592DBCD7400042F48C /* image-magic */,
				144CF4692DBCD7410042F48C /* image-magicTests */,
				144CF4732DBCD7410042F48C /* image-magicUITests */,
			);
		};
/* End PBXProject section */

/* Begin PBXResourcesBuildPhase section */
		144CF4582DBCD7400042F48C /* Resources */ = {
			isa = PBXResourcesBuildPhase;
			buildActionMask = 2147483647;
			files = (
			);
			runOnlyForDeploymentPostprocessing = 0;
		};
		144CF4682DBCD7410042F48C /* Resources */ = {
			isa = PBXResourcesBuildPhase;
			buildActionMask = 2147483647;
			files = (
			);
			runOnlyForDeploymentPostprocessing = 0;
		};
		144CF4722DBCD7410042F48C /* Resources */ = {
			isa = PBXResourcesBuildPhase;
			buildActionMask = 2147483647;
			files = (
			);
			runOnlyForDeploymentPostprocessing = 0;
		};
/* End PBXResourcesBuildPhase section */

/* Begin PBXSourcesBuildPhase section */
		144CF4562DBCD7400042F48C /* Sources */ = {
			isa = PBXSourcesBuildPhase;
			buildActionMask = 2147483647;
			files = (
			);
			runOnlyForDeploymentPostprocessing = 0;
		};
		144CF4662DBCD7410042F48C /* Sources */ = {
			isa = PBXSourcesBuildPhase;
			buildActionMask = 2147483647;
			files = (
			);
			runOnlyForDeploymentPostprocessing = 0;
		};
		144CF4702DBCD7410042F48C /* Sources */ = {
			isa = PBXSourcesBuildPhase;
			buildActionMask = 2147483647;
			files = (
			);
			runOnlyForDeploymentPostprocessing = 0;
		};
/* End PBXSourcesBuildPhase section */

/* Begin PBXTargetDependency section */
		144CF46C2DBCD7410042F48C /* PBXTargetDependency */ = {
			isa = PBXTargetDependency;
			target = 144CF4592DBCD7400042F48C /* image-magic */;
			targetProxy = 144CF46B2DBCD7410042F48C /* PBXContainerItemProxy */;
		};
		144CF4762DBCD7410042F48C /* PBXTargetDependency */ = {
			isa = PBXTargetDependency;
			target = 144CF4592DBCD7400042F48C /* image-magic */;
			targetProxy = 144CF4752DBCD7410042F48C /* PBXContainerItemProxy */;
		};
/* End PBXTargetDependency section */

/* Begin XCBuildConfiguration section */
		144CF47C2DBCD7410042F48C /* Debug */ = {
			isa = XCBuildConfiguration;
			baseConfigurationReferenceAnchor = 144CF45C2DBCD7400042F48C /* image-magic */;
			baseConfigurationReferenceRelativePath = Resources/Configuration/Config.xcconfig;
			buildSettings = {
				ALWAYS_SEARCH_USER_PATHS = NO;
				ASSETCATALOG_COMPILER_GENERATE_SWIFT_ASSET_SYMBOL_EXTENSIONS = YES;
				CLANG_ANALYZER_NONNULL = YES;
				CLANG_ANALYZER_NUMBER_OBJECT_CONVERSION = YES_AGGRESSIVE;
				CLANG_CXX_LANGUAGE_STANDARD = "gnu++20";
				CLANG_ENABLE_MODULES = YES;
				CLANG_ENABLE_OBJC_ARC = YES;
				CLANG_ENABLE_OBJC_WEAK = YES;
				CLANG_WARN_BLOCK_CAPTURE_AUTORELEASING = YES;
				CLANG_WARN_BOOL_CONVERSION = YES;
				CLANG_WARN_COMMA = YES;
				CLANG_WARN_CONSTANT_CONVERSION = YES;
				CLANG_WARN_DEPRECATED_OBJC_IMPLEMENTATIONS = YES;
				CLANG_WARN_DIRECT_OBJC_ISA_USAGE = YES_ERROR;
				CLANG_WARN_DOCUMENTATION_COMMENTS = YES;
				CLANG_WARN_EMPTY_BODY = YES;
				CLANG_WARN_ENUM_CONVERSION = YES;
				CLANG_WARN_INFINITE_RECURSION = YES;
				CLANG_WARN_INT_CONVERSION = YES;
				CLANG_WARN_NON_LITERAL_NULL_CONVERSION = YES;
				CLANG_WARN_OBJC_IMPLICIT_RETAIN_SELF = YES;
				CLANG_WARN_OBJC_LITERAL_CONVERSION = YES;
				CLANG_WARN_OBJC_ROOT_CLASS = YES_ERROR;
				CLANG_WARN_QUOTED_INCLUDE_IN_FRAMEWORK_HEADER = YES;
				CLANG_WARN_RANGE_LOOP_ANALYSIS = YES;
				CLANG_WARN_STRICT_PROTOTYPES = YES;
				CLANG_WARN_SUSPICIOUS_MOVE = YES;
				CLANG_WARN_UNGUARDED_AVAILABILITY = YES_AGGRESSIVE;
				CLANG_WARN_UNREACHABLE_CODE = YES;
				CLANG_WARN__DUPLICATE_METHOD_MATCH = YES;
				COPY_PHASE_STRIP = NO;
				DEBUG_INFORMATION_FORMAT = dwarf;
				ENABLE_STRICT_OBJC_MSGSEND = YES;
				ENABLE_TESTABILITY = YES;
				ENABLE_USER_SCRIPT_SANDBOXING = YES;
				GCC_C_LANGUAGE_STANDARD = gnu17;
				GCC_DYNAMIC_NO_PIC = NO;
				GCC_NO_COMMON_BLOCKS = YES;
				GCC_OPTIMIZATION_LEVEL = 0;
				GCC_PREPROCESSOR_DEFINITIONS = (
					"DEBUG=1",
					"$(inherited)",
				);
				GCC_WARN_64_TO_32_BIT_CONVERSION = YES;
				GCC_WARN_ABOUT_RETURN_TYPE = YES_ERROR;
				GCC_WARN_UNDECLARED_SELECTOR = YES;
				GCC_WARN_UNINITIALIZED_AUTOS = YES_AGGRESSIVE;
				GCC_WARN_UNUSED_FUNCTION = YES;
				GCC_WARN_UNUSED_VARIABLE = YES;
				IPHONEOS_DEPLOYMENT_TARGET = 18.1;
				LOCALIZATION_PREFERS_STRING_CATALOGS = YES;
				MTL_ENABLE_DEBUG_INFO = INCLUDE_SOURCE;
				MTL_FAST_MATH = YES;
				ONLY_ACTIVE_ARCH = YES;
				SDKROOT = iphoneos;
				SWIFT_ACTIVE_COMPILATION_CONDITIONS = "DEBUG $(inherited)";
				SWIFT_OPTIMIZATION_LEVEL = "-Onone";
			};
			name = Debug;
		};
		144CF47D2DBCD7410042F48C /* Release */ = {
			isa = XCBuildConfiguration;
			baseConfigurationReferenceAnchor = 144CF45C2DBCD7400042F48C /* image-magic */;
			baseConfigurationReferenceRelativePath = Resources/Configuration/Config.xcconfig;
			buildSettings = {
				ALWAYS_SEARCH_USER_PATHS = NO;
				ASSETCATALOG_COMPILER_GENERATE_SWIFT_ASSET_SYMBOL_EXTENSIONS = YES;
				CLANG_ANALYZER_NONNULL = YES;
				CLANG_ANALYZER_NUMBER_OBJECT_CONVERSION = YES_AGGRESSIVE;
				CLANG_CXX_LANGUAGE_STANDARD = "gnu++20";
				CLANG_ENABLE_MODULES = YES;
				CLANG_ENABLE_OBJC_ARC = YES;
				CLANG_ENABLE_OBJC_WEAK = YES;
				CLANG_WARN_BLOCK_CAPTURE_AUTORELEASING = YES;
				CLANG_WARN_BOOL_CONVERSION = YES;
				CLANG_WARN_COMMA = YES;
				CLANG_WARN_CONSTANT_CONVERSION = YES;
				CLANG_WARN_DEPRECATED_OBJC_IMPLEMENTATIONS = YES;
				CLANG_WARN_DIRECT_OBJC_ISA_USAGE = YES_ERROR;
				CLANG_WARN_DOCUMENTATION_COMMENTS = YES;
				CLANG_WARN_EMPTY_BODY = YES;
				CLANG_WARN_ENUM_CONVERSION = YES;
				CLANG_WARN_INFINITE_RECURSION = YES;
				CLANG_WARN_INT_CONVERSION = YES;
				CLANG_WARN_NON_LITERAL_NULL_CONVERSION = YES;
				CLANG_WARN_OBJC_IMPLICIT_RETAIN_SELF = YES;
				CLANG_WARN_OBJC_LITERAL_CONVERSION = YES;
				CLANG_WARN_OBJC_ROOT_CLASS = YES_ERROR;
				CLANG_WARN_QUOTED_INCLUDE_IN_FRAMEWORK_HEADER = YES;
				CLANG_WARN_RANGE_LOOP_ANALYSIS = YES;
				CLANG_WARN_STRICT_PROTOTYPES = YES;
				CLANG_WARN_SUSPICIOUS_MOVE = YES;
				CLANG_WARN_UNGUARDED_AVAILABILITY = YES_AGGRESSIVE;
				CLANG_WARN_UNREACHABLE_CODE = YES;
				CLANG_WARN__DUPLICATE_METHOD_MATCH = YES;
				COPY_PHASE_STRIP = NO;
				DEBUG_INFORMATION_FORMAT = "dwarf-with-dsym";
				ENABLE_NS_ASSERTIONS = NO;
				ENABLE_STRICT_OBJC_MSGSEND = YES;
				ENABLE_USER_SCRIPT_SANDBOXING = YES;
				GCC_C_LANGUAGE_STANDARD = gnu17;
				GCC_NO_COMMON_BLOCKS = YES;
				GCC_WARN_64_TO_32_BIT_CONVERSION = YES;
				GCC_WARN_ABOUT_RETURN_TYPE = YES_ERROR;
				GCC_WARN_UNDECLARED_SELECTOR = YES;
				GCC_WARN_UNINITIALIZED_AUTOS = YES_AGGRESSIVE;
				GCC_WARN_UNUSED_FUNCTION = YES;
				GCC_WARN_UNUSED_VARIABLE = YES;
				IPHONEOS_DEPLOYMENT_TARGET = 18.1;
				LOCALIZATION_PREFERS_STRING_CATALOGS = YES;
				MTL_ENABLE_DEBUG_INFO = NO;
				MTL_FAST_MATH = YES;
				SDKROOT = iphoneos;
				SWIFT_COMPILATION_MODE = wholemodule;
				VALIDATE_PRODUCT = YES;
			};
			name = Release;
		};
		144CF47F2DBCD7410042F48C /* Debug */ = {
			isa = XCBuildConfiguration;
			baseConfigurationReferenceAnchor = 144CF45C2DBCD7400042F48C /* image-magic */;
			baseConfigurationReferenceRelativePath = Resources/Configuration/Config.xcconfig;
			buildSettings = {
				ASSETCATALOG_COMPILER_APPICON_NAME = AppIcon;
				ASSETCATALOG_COMPILER_GLOBAL_ACCENT_COLOR_NAME = AccentColor;
				CODE_SIGN_STYLE = Automatic;
				CURRENT_PROJECT_VERSION = 1;
				DEVELOPMENT_ASSET_PATHS = "\"image-magic/Resources/Preview Content\"";
				DEVELOPMENT_TEAM = 9AM88D337G;
				ENABLE_PREVIEWS = YES;
				GENERATE_INFOPLIST_FILE = YES;
				INFOPLIST_FILE = "image-magic/Info.plist";
				INFOPLIST_KEY_UIApplicationSceneManifest_Generation = YES;
				INFOPLIST_KEY_UIApplicationSupportsIndirectInputEvents = YES;
				INFOPLIST_KEY_UILaunchScreen_Generation = YES;
				INFOPLIST_KEY_UISupportedInterfaceOrientations_iPad = "UIInterfaceOrientationPortrait UIInterfaceOrientationPortraitUpsideDown UIInterfaceOrientationLandscapeLeft UIInterfaceOrientationLandscapeRight";
				INFOPLIST_KEY_UISupportedInterfaceOrientations_iPhone = "UIInterfaceOrientationPortrait UIInterfaceOrientationLandscapeLeft UIInterfaceOrientationLandscapeRight";
				LD_RUNPATH_SEARCH_PATHS = (
					"$(inherited)",
					"@executable_path/Frameworks",
				);
				MARKETING_VERSION = 1.0;
				PRODUCT_BUNDLE_IDENTIFIER = "com.mahin.image-magic";
				PRODUCT_NAME = "$(TARGET_NAME)";
				SWIFT_EMIT_LOC_STRINGS = YES;
				SWIFT_VERSION = 5.0;
				TARGETED_DEVICE_FAMILY = "1,2";
			};
			name = Debug;
		};
		144CF4802DBCD7410042F48C /* Release */ = {
			isa = XCBuildConfiguration;
			baseConfigurationReferenceAnchor = 144CF45C2DBCD7400042F48C /* image-magic */;
			baseConfigurationReferenceRelativePath = Resources/Configuration/Config.xcconfig;
			buildSettings = {
				ASSETCATALOG_COMPILER_APPICON_NAME = AppIcon;
				ASSETCATALOG_COMPILER_GLOBAL_ACCENT_COLOR_NAME = AccentColor;
				CODE_SIGN_STYLE = Automatic;
				CURRENT_PROJECT_VERSION = 1;
				DEVELOPMENT_ASSET_PATHS = "\"image-magic/Resources/Preview Content\"";
				DEVELOPMENT_TEAM = 9AM88D337G;
				ENABLE_PREVIEWS = YES;
				GENERATE_INFOPLIST_FILE = YES;
				INFOPLIST_FILE = "image-magic/Info.plist";
				INFOPLIST_KEY_UIApplicationSceneManifest_Generation = YES;
				INFOPLIST_KEY_UIApplicationSupportsIndirectInputEvents = YES;
				INFOPLIST_KEY_UILaunchScreen_Generation = YES;
				INFOPLIST_KEY_UISupportedInterfaceOrientations_iPad = "UIInterfaceOrientationPortrait UIInterfaceOrientationPortraitUpsideDown UIInterfaceOrientationLandscapeLeft UIInterfaceOrientationLandscapeRight";
				INFOPLIST_KEY_UISupportedInterfaceOrientations_iPhone = "UIInterfaceOrientationPortrait UIInterfaceOrientationLandscapeLeft UIInterfaceOrientationLandscapeRight";
				LD_RUNPATH_SEARCH_PATHS = (
					"$(inherited)",
					"@executable_path/Frameworks",
				);
				MARKETING_VERSION = 1.0;
				PRODUCT_BUNDLE_IDENTIFIER = "com.mahin.image-magic";
				PRODUCT_NAME = "$(TARGET_NAME)";
				SWIFT_EMIT_LOC_STRINGS = YES;
				SWIFT_VERSION = 5.0;
				TARGETED_DEVICE_FAMILY = "1,2";
			};
			name = Release;
		};
		144CF4822DBCD7410042F48C /* Debug */ = {
			isa = XCBuildConfiguration;
			baseConfigurationReferenceAnchor = 144CF45C2DBCD7400042F48C /* image-magic */;
			baseConfigurationReferenceRelativePath = Resources/Configuration/Config.xcconfig;
			buildSettings = {
				BUNDLE_LOADER = "$(TEST_HOST)";
				CODE_SIGN_STYLE = Automatic;
				CURRENT_PROJECT_VERSION = 1;
				DEVELOPMENT_TEAM = 9AM88D337G;
				GENERATE_INFOPLIST_FILE = YES;
				IPHONEOS_DEPLOYMENT_TARGET = 18.1;
				MARKETING_VERSION = 1.0;
				PRODUCT_BUNDLE_IDENTIFIER = "com.mahin.image-magicTests";
				PRODUCT_NAME = "$(TARGET_NAME)";
				SWIFT_EMIT_LOC_STRINGS = NO;
				SWIFT_VERSION = 5.0;
				TARGETED_DEVICE_FAMILY = "1,2";
				TEST_HOST = "$(BUILT_PRODUCTS_DIR)/image-magic.app/$(BUNDLE_EXECUTABLE_FOLDER_PATH)/image-magic";
			};
			name = Debug;
		};
		144CF4832DBCD7410042F48C /* Release */ = {
			isa = XCBuildConfiguration;
			baseConfigurationReferenceAnchor = 144CF45C2DBCD7400042F48C /* image-magic */;
			baseConfigurationReferenceRelativePath = Resources/Configuration/Config.xcconfig;
			buildSettings = {
				BUNDLE_LOADER = "$(TEST_HOST)";
				CODE_SIGN_STYLE = Automatic;
				CURRENT_PROJECT_VERSION = 1;
				DEVELOPMENT_TEAM = 9AM88D337G;
				GENERATE_INFOPLIST_FILE = YES;
				IPHONEOS_DEPLOYMENT_TARGET = 18.1;
				MARKETING_VERSION = 1.0;
				PRODUCT_BUNDLE_IDENTIFIER = "com.mahin.image-magicTests";
				PRODUCT_NAME = "$(TARGET_NAME)";
				SWIFT_EMIT_LOC_STRINGS = NO;
				SWIFT_VERSION = 5.0;
				TARGETED_DEVICE_FAMILY = "1,2";
				TEST_HOST = "$(BUILT_PRODUCTS_DIR)/image-magic.app/$(BUNDLE_EXECUTABLE_FOLDER_PATH)/image-magic";
			};
			name = Release;
		};
		144CF4852DBCD7410042F48C /* Debug */ = {
			isa = XCBuildConfiguration;
			baseConfigurationReferenceAnchor = 144CF45C2DBCD7400042F48C /* image-magic */;
			baseConfigurationReferenceRelativePath = Resources/Configuration/Config.xcconfig;
			buildSettings = {
				CODE_SIGN_STYLE = Automatic;
				CURRENT_PROJECT_VERSION = 1;
				DEVELOPMENT_TEAM = 9AM88D337G;
				GENERATE_INFOPLIST_FILE = YES;
				MARKETING_VERSION = 1.0;
				PRODUCT_BUNDLE_IDENTIFIER = "com.mahin.image-magicUITests";
				PRODUCT_NAME = "$(TARGET_NAME)";
				SWIFT_EMIT_LOC_STRINGS = NO;
				SWIFT_VERSION = 5.0;
				TARGETED_DEVICE_FAMILY = "1,2";
				TEST_TARGET_NAME = "image-magic";
			};
			name = Debug;
		};
		144CF4862DBCD7410042F48C /* Release */ = {
			isa = XCBuildConfiguration;
			baseConfigurationReferenceAnchor = 144CF45C2DBCD7400042F48C /* image-magic */;
			baseConfigurationReferenceRelativePath = Resources/Configuration/Config.xcconfig;
			buildSettings = {
				CODE_SIGN_STYLE = Automatic;
				CURRENT_PROJECT_VERSION = 1;
				DEVELOPMENT_TEAM = 9AM88D337G;
				GENERATE_INFOPLIST_FILE = YES;
				MARKETING_VERSION = 1.0;
				PRODUCT_BUNDLE_IDENTIFIER = "com.mahin.image-magicUITests";
				PRODUCT_NAME = "$(TARGET_NAME)";
				SWIFT_EMIT_LOC_STRINGS = NO;
				SWIFT_VERSION = 5.0;
				TARGETED_DEVICE_FAMILY = "1,2";
				TEST_TARGET_NAME = "image-magic";
			};
			name = Release;
		};
/* End XCBuildConfiguration section */

/* Begin XCConfigurationList section */
		144CF4552DBCD7400042F48C /* Build configuration list for PBXProject "image-magic" */ = {
			isa = XCConfigurationList;
			buildConfigurations = (
				144CF47C2DBCD7410042F48C /* Debug */,
				144CF47D2DBCD7410042F48C /* Release */,
			);
			defaultConfigurationIsVisible = 0;
			defaultConfigurationName = Release;
		};
		144CF47E2DBCD7410042F48C /* Build configuration list for PBXNativeTarget "image-magic" */ = {
			isa = XCConfigurationList;
			buildConfigurations = (
				144CF47F2DBCD7410042F48C /* Debug */,
				144CF4802DBCD7410042F48C /* Release */,
			);
			defaultConfigurationIsVisible = 0;
			defaultConfigurationName = Release;
		};
		144CF4812DBCD7410042F48C /* Build configuration list for PBXNativeTarget "image-magicTests" */ = {
			isa = XCConfigurationList;
			buildConfigurations = (
				144CF4822DBCD7410042F48C /* Debug */,
				144CF4832DBCD7410042F48C /* Release */,
			);
			defaultConfigurationIsVisible = 0;
			defaultConfigurationName = Release;
		};
		144CF4842DBCD7410042F48C /* Build configuration list for PBXNativeTarget "image-magicUITests" */ = {
			isa = XCConfigurationList;
			buildConfigurations = (
				144CF4852DBCD7410042F48C /* Debug */,
				144CF4862DBCD7410042F48C /* Release */,
			);
			defaultConfigurationIsVisible = 0;
			defaultConfigurationName = Release;
		};
/* End XCConfigurationList section */
	};
	rootObject = 144CF4522DBCD7400042F48C /* Project object */;
}
